
Microsoft Visual Studio Solution File, Format Version 12.00
# Visual Studio Version 17
VisualStudioVersion = 17.6.33829.357
MinimumVisualStudioVersion = 10.0.40219.1
Project("{FAE04EC0-301F-11D3-BF4B-00C04F79EFBC}") = "TheBugTracker", "TheBugTracker.csproj", "{5F123A04-4902-41B7-974B-589B327C907B}"
EndProject
Global
	GlobalSection(SolutionConfigurationPlatforms) = preSolution
		Debug|Any CPU = Debug|Any CPU
		Release|Any CPU = Release|Any CPU
	EndGlobalSection
	GlobalSection(ProjectConfigurationPlatforms) = postSolution
		{5F123A04-4902-41B7-974B-589B327C907B}.Debug|Any CPU.ActiveCfg = Debug|Any CPU
		{5F123A04-4902-41B7-974B-589B327C907B}.Debug|Any CPU.Build.0 = Debug|Any CPU
		{5F123A04-4902-41B7-974B-589B327C907B}.Release|Any CPU.ActiveCfg = Release|Any CPU
		{5F123A04-4902-41B7-974B-589B327C907B}.Release|Any CPU.Build.0 = Release|Any CPU
	EndGlobalSection
	GlobalSection(SolutionProperties) = preSolution
		HideSolutionNode = FALSE
	EndGlobalSection
	GlobalSection(ExtensibilityGlobals) = postSolution
		SolutionGuid = {C5934EE9-5D56-4A43-8615-AECFA3E3A53A}
	EndGlobalSection
EndGlobal
